
Microsoft Visual Studio Solution File, Format Version 12.00
# Visual Studio 15
VisualStudioVersion = 15.0.26430.12
MinimumVisualStudioVersion = 10.0.40219.1
Project("{8BC9CEB8-8B4A-11D0-8D11-00A0C91BC942}") = "ArduinoMazeSolver", "ArduinoMazeSolver\ArduinoMazeSolver.vcxproj", "{C5F80730-F44F-4478-BDAE-6634EFC2CA88}"
EndProject
Project("{D954291E-2A0B-460D-934E-DC6B0785DB48}") = "XamarinMazeSolvingApp", "XamarinMazeSolvingApp\XamarinMazeSolvingApp\XamarinMazeSolvingApp.shproj", "{14F3EC66-47C9-4783-A323-81D38C5C1C85}"
EndProject
Project("{FAE04EC0-301F-11D3-BF4B-00C04F79EFBC}") = "XamarinMazeSolvingApp.Android", "XamarinMazeSolvingApp\XamarinMazeSolvingApp.Android\XamarinMazeSolvingApp.Android.csproj", "{7F9EBA38-467F-4E49-92FB-4768AC1B2643}"
EndProject
Project("{FAE04EC0-301F-11D3-BF4B-00C04F79EFBC}") = "XamarinMazeSolvingApp.iOS", "XamarinMazeSolvingApp\XamarinMazeSolvingApp.iOS\XamarinMazeSolvingApp.iOS.csproj", "{AFCFCDD6-C96A-4000-A4C7-2139A196B3A8}"
EndProject
Project("{FAE04EC0-301F-11D3-BF4B-00C04F79EFBC}") = "XamarinMazeSolvingApp.UWP", "XamarinMazeSolvingApp\XamarinMazeSolvingApp.UWP\XamarinMazeSolvingApp.UWP.csproj", "{DDE1466A-9C1E-4EAC-8C5D-9ED39AA71ED2}"
EndProject
Global
	GlobalSection(SharedMSBuildProjectFiles) = preSolution
		XamarinMazeSolvingApp\XamarinMazeSolvingApp\XamarinMazeSolvingApp.projitems*{14f3ec66-47c9-4783-a323-81d38c5c1c85}*SharedItemsImports = 13
		XamarinMazeSolvingApp\XamarinMazeSolvingApp\XamarinMazeSolvingApp.projitems*{7f9eba38-467f-4e49-92fb-4768ac1b2643}*SharedItemsImports = 4
		XamarinMazeSolvingApp\XamarinMazeSolvingApp\XamarinMazeSolvingApp.projitems*{afcfcdd6-c96a-4000-a4c7-2139a196b3a8}*SharedItemsImports = 4
		XamarinMazeSolvingApp\XamarinMazeSolvingApp\XamarinMazeSolvingApp.projitems*{dde1466a-9c1e-4eac-8c5d-9ed39aa71ed2}*SharedItemsImports = 4
	EndGlobalSection
	GlobalSection(SolutionConfigurationPlatforms) = preSolution
		Ad-Hoc|Any CPU = Ad-Hoc|Any CPU
		Ad-Hoc|ARM = Ad-Hoc|ARM
		Ad-Hoc|iPhone = Ad-Hoc|iPhone
		Ad-Hoc|iPhoneSimulator = Ad-Hoc|iPhoneSimulator
		Ad-Hoc|x64 = Ad-Hoc|x64
		Ad-Hoc|x86 = Ad-Hoc|x86
		AppStore|Any CPU = AppStore|Any CPU
		AppStore|ARM = AppStore|ARM
		AppStore|iPhone = AppStore|iPhone
		AppStore|iPhoneSimulator = AppStore|iPhoneSimulator
		AppStore|x64 = AppStore|x64
		AppStore|x86 = AppStore|x86
		Debug|Any CPU = Debug|Any CPU
		Debug|ARM = Debug|ARM
		Debug|iPhone = Debug|iPhone
		Debug|iPhoneSimulator = Debug|iPhoneSimulator
		Debug|x64 = Debug|x64
		Debug|x86 = Debug|x86
		Release|Any CPU = Release|Any CPU
		Release|ARM = Release|ARM
		Release|iPhone = Release|iPhone
		Release|iPhoneSimulator = Release|iPhoneSimulator
		Release|x64 = Release|x64
		Release|x86 = Release|x86
	EndGlobalSection
	GlobalSection(ProjectConfigurationPlatforms) = postSolution
		{C5F80730-F44F-4478-BDAE-6634EFC2CA88}.Ad-Hoc|Any CPU.ActiveCfg = Release|Win32
		{C5F80730-F44F-4478-BDAE-6634EFC2CA88}.Ad-Hoc|Any CPU.Build.0 = Release|Win32
		{C5F80730-F44F-4478-BDAE-6634EFC2CA88}.Ad-Hoc|ARM.ActiveCfg = Release|Win32
		{C5F80730-F44F-4478-BDAE-6634EFC2CA88}.Ad-Hoc|ARM.Build.0 = Release|Win32
		{C5F80730-F44F-4478-BDAE-6634EFC2CA88}.Ad-Hoc|iPhone.ActiveCfg = Release|Win32
		{C5F80730-F44F-4478-BDAE-6634EFC2CA88}.Ad-Hoc|iPhone.Build.0 = Release|Win32
		{C5F80730-F44F-4478-BDAE-6634EFC2CA88}.Ad-Hoc|iPhoneSimulator.ActiveCfg = Release|Win32
		{C5F80730-F44F-4478-BDAE-6634EFC2CA88}.Ad-Hoc|iPhoneSimulator.Build.0 = Release|Win32
		{C5F80730-F44F-4478-BDAE-6634EFC2CA88}.Ad-Hoc|x64.ActiveCfg = Release|Win32
		{C5F80730-F44F-4478-BDAE-6634EFC2CA88}.Ad-Hoc|x64.Build.0 = Release|Win32
		{C5F80730-F44F-4478-BDAE-6634EFC2CA88}.Ad-Hoc|x86.ActiveCfg = Release|Win32
		{C5F80730-F44F-4478-BDAE-6634EFC2CA88}.Ad-Hoc|x86.Build.0 = Release|Win32
		{C5F80730-F44F-4478-BDAE-6634EFC2CA88}.AppStore|Any CPU.ActiveCfg = Release|Win32
		{C5F80730-F44F-4478-BDAE-6634EFC2CA88}.AppStore|Any CPU.Build.0 = Release|Win32
		{C5F80730-F44F-4478-BDAE-6634EFC2CA88}.AppStore|ARM.ActiveCfg = Release|Win32
		{C5F80730-F44F-4478-BDAE-6634EFC2CA88}.AppStore|ARM.Build.0 = Release|Win32
		{C5F80730-F44F-4478-BDAE-6634EFC2CA88}.AppStore|iPhone.ActiveCfg = Release|Win32
		{C5F80730-F44F-4478-BDAE-6634EFC2CA88}.AppStore|iPhone.Build.0 = Release|Win32
		{C5F80730-F44F-4478-BDAE-6634EFC2CA88}.AppStore|iPhoneSimulator.ActiveCfg = Release|Win32
		{C5F80730-F44F-4478-BDAE-6634EFC2CA88}.AppStore|iPhoneSimulator.Build.0 = Release|Win32
		{C5F80730-F44F-4478-BDAE-6634EFC2CA88}.AppStore|x64.ActiveCfg = Release|Win32
		{C5F80730-F44F-4478-BDAE-6634EFC2CA88}.AppStore|x64.Build.0 = Release|Win32
		{C5F80730-F44F-4478-BDAE-6634EFC2CA88}.AppStore|x86.ActiveCfg = Release|Win32
		{C5F80730-F44F-4478-BDAE-6634EFC2CA88}.AppStore|x86.Build.0 = Release|Win32
		{C5F80730-F44F-4478-BDAE-6634EFC2CA88}.Debug|Any CPU.ActiveCfg = Debug|Win32
		{C5F80730-F44F-4478-BDAE-6634EFC2CA88}.Debug|ARM.ActiveCfg = Debug|Win32
		{C5F80730-F44F-4478-BDAE-6634EFC2CA88}.Debug|iPhone.ActiveCfg = Debug|Win32
		{C5F80730-F44F-4478-BDAE-6634EFC2CA88}.Debug|iPhoneSimulator.ActiveCfg = Debug|Win32
		{C5F80730-F44F-4478-BDAE-6634EFC2CA88}.Debug|x64.ActiveCfg = Debug|Win32
		{C5F80730-F44F-4478-BDAE-6634EFC2CA88}.Debug|x86.ActiveCfg = Debug|Win32
		{C5F80730-F44F-4478-BDAE-6634EFC2CA88}.Debug|x86.Build.0 = Debug|Win32
		{C5F80730-F44F-4478-BDAE-6634EFC2CA88}.Release|Any CPU.ActiveCfg = Release|Win32
		{C5F80730-F44F-4478-BDAE-6634EFC2CA88}.Release|ARM.ActiveCfg = Release|Win32
		{C5F80730-F44F-4478-BDAE-6634EFC2CA88}.Release|iPhone.ActiveCfg = Release|Win32
		{C5F80730-F44F-4478-BDAE-6634EFC2CA88}.Release|iPhoneSimulator.ActiveCfg = Release|Win32
		{C5F80730-F44F-4478-BDAE-6634EFC2CA88}.Release|x64.ActiveCfg = Release|Win32
		{C5F80730-F44F-4478-BDAE-6634EFC2CA88}.Release|x86.ActiveCfg = Release|Win32
		{C5F80730-F44F-4478-BDAE-6634EFC2CA88}.Release|x86.Build.0 = Release|Win32
		{7F9EBA38-467F-4E49-92FB-4768AC1B2643}.Ad-Hoc|Any CPU.ActiveCfg = Release|Any CPU
		{7F9EBA38-467F-4E49-92FB-4768AC1B2643}.Ad-Hoc|Any CPU.Build.0 = Release|Any CPU
		{7F9EBA38-467F-4E49-92FB-4768AC1B2643}.Ad-Hoc|Any CPU.Deploy.0 = Release|Any CPU
		{7F9EBA38-467F-4E49-92FB-4768AC1B2643}.Ad-Hoc|ARM.ActiveCfg = Release|Any CPU
		{7F9EBA38-467F-4E49-92FB-4768AC1B2643}.Ad-Hoc|ARM.Build.0 = Release|Any CPU
		{7F9EBA38-467F-4E49-92FB-4768AC1B2643}.Ad-Hoc|ARM.Deploy.0 = Release|Any CPU
		{7F9EBA38-467F-4E49-92FB-4768AC1B2643}.Ad-Hoc|iPhone.ActiveCfg = Release|Any CPU
		{7F9EBA38-467F-4E49-92FB-4768AC1B2643}.Ad-Hoc|iPhone.Build.0 = Release|Any CPU
		{7F9EBA38-467F-4E49-92FB-4768AC1B2643}.Ad-Hoc|iPhone.Deploy.0 = Release|Any CPU
		{7F9EBA38-467F-4E49-92FB-4768AC1B2643}.Ad-Hoc|iPhoneSimulator.ActiveCfg = Release|Any CPU
		{7F9EBA38-467F-4E49-92FB-4768AC1B2643}.Ad-Hoc|iPhoneSimulator.Build.0 = Release|Any CPU
		{7F9EBA38-467F-4E49-92FB-4768AC1B2643}.Ad-Hoc|iPhoneSimulator.Deploy.0 = Release|Any CPU
		{7F9EBA38-467F-4E49-92FB-4768AC1B2643}.Ad-Hoc|x64.ActiveCfg = Release|Any CPU
		{7F9EBA38-467F-4E49-92FB-4768AC1B2643}.Ad-Hoc|x64.Build.0 = Release|Any CPU
		{7F9EBA38-467F-4E49-92FB-4768AC1B2643}.Ad-Hoc|x64.Deploy.0 = Release|Any CPU
		{7F9EBA38-467F-4E49-92FB-4768AC1B2643}.Ad-Hoc|x86.ActiveCfg = Release|Any CPU
		{7F9EBA38-467F-4E49-92FB-4768AC1B2643}.Ad-Hoc|x86.Build.0 = Release|Any CPU
		{7F9EBA38-467F-4E49-92FB-4768AC1B2643}.Ad-Hoc|x86.Deploy.0 = Release|Any CPU
		{7F9EBA38-467F-4E49-92FB-4768AC1B2643}.AppStore|Any CPU.ActiveCfg = Release|Any CPU
		{7F9EBA38-467F-4E49-92FB-4768AC1B2643}.AppStore|Any CPU.Build.0 = Release|Any CPU
		{7F9EBA38-467F-4E49-92FB-4768AC1B2643}.AppStore|Any CPU.Deploy.0 = Release|Any CPU
		{7F9EBA38-467F-4E49-92FB-4768AC1B2643}.AppStore|ARM.ActiveCfg = Release|Any CPU
		{7F9EBA38-467F-4E49-92FB-4768AC1B2643}.AppStore|ARM.Build.0 = Release|Any CPU
		{7F9EBA38-467F-4E49-92FB-4768AC1B2643}.AppStore|ARM.Deploy.0 = Release|Any CPU
		{7F9EBA38-467F-4E49-92FB-4768AC1B2643}.AppStore|iPhone.ActiveCfg = Release|Any CPU
		{7F9EBA38-467F-4E49-92FB-4768AC1B2643}.AppStore|iPhone.Build.0 = Release|Any CPU
		{7F9EBA38-467F-4E49-92FB-4768AC1B2643}.AppStore|iPhone.Deploy.0 = Release|Any CPU
		{7F9EBA38-467F-4E49-92FB-4768AC1B2643}.AppStore|iPhoneSimulator.ActiveCfg = Release|Any CPU
		{7F9EBA38-467F-4E49-92FB-4768AC1B2643}.AppStore|iPhoneSimulator.Build.0 = Release|Any CPU
		{7F9EBA38-467F-4E49-92FB-4768AC1B2643}.AppStore|iPhoneSimulator.Deploy.0 = Release|Any CPU
		{7F9EBA38-467F-4E49-92FB-4768AC1B2643}.AppStore|x64.ActiveCfg = Release|Any CPU
		{7F9EBA38-467F-4E49-92FB-4768AC1B2643}.AppStore|x64.Build.0 = Release|Any CPU
		{7F9EBA38-467F-4E49-92FB-4768AC1B2643}.AppStore|x64.Deploy.0 = Release|Any CPU
		{7F9EBA38-467F-4E49-92FB-4768AC1B2643}.AppStore|x86.ActiveCfg = Release|Any CPU
		{7F9EBA38-467F-4E49-92FB-4768AC1B2643}.AppStore|x86.Build.0 = Release|Any CPU
		{7F9EBA38-467F-4E49-92FB-4768AC1B2643}.AppStore|x86.Deploy.0 = Release|Any CPU
		{7F9EBA38-467F-4E49-92FB-4768AC1B2643}.Debug|Any CPU.ActiveCfg = Debug|Any CPU
		{7F9EBA38-467F-4E49-92FB-4768AC1B2643}.Debug|Any CPU.Build.0 = Debug|Any CPU
		{7F9EBA38-467F-4E49-92FB-4768AC1B2643}.Debug|Any CPU.Deploy.0 = Debug|Any CPU
		{7F9EBA38-467F-4E49-92FB-4768AC1B2643}.Debug|ARM.ActiveCfg = Debug|Any CPU
		{7F9EBA38-467F-4E49-92FB-4768AC1B2643}.Debug|ARM.Build.0 = Debug|Any CPU
		{7F9EBA38-467F-4E49-92FB-4768AC1B2643}.Debug|ARM.Deploy.0 = Debug|Any CPU
		{7F9EBA38-467F-4E49-92FB-4768AC1B2643}.Debug|iPhone.ActiveCfg = Debug|Any CPU
		{7F9EBA38-467F-4E49-92FB-4768AC1B2643}.Debug|iPhone.Build.0 = Debug|Any CPU
		{7F9EBA38-467F-4E49-92FB-4768AC1B2643}.Debug|iPhone.Deploy.0 = Debug|Any CPU
		{7F9EBA38-467F-4E49-92FB-4768AC1B2643}.Debug|iPhoneSimulator.ActiveCfg = Debug|Any CPU
		{7F9EBA38-467F-4E49-92FB-4768AC1B2643}.Debug|iPhoneSimulator.Build.0 = Debug|Any CPU
		{7F9EBA38-467F-4E49-92FB-4768AC1B2643}.Debug|iPhoneSimulator.Deploy.0 = Debug|Any CPU
		{7F9EBA38-467F-4E49-92FB-4768AC1B2643}.Debug|x64.ActiveCfg = Debug|Any CPU
		{7F9EBA38-467F-4E49-92FB-4768AC1B2643}.Debug|x64.Build.0 = Debug|Any CPU
		{7F9EBA38-467F-4E49-92FB-4768AC1B2643}.Debug|x64.Deploy.0 = Debug|Any CPU
		{7F9EBA38-467F-4E49-92FB-4768AC1B2643}.Debug|x86.ActiveCfg = Debug|Any CPU
		{7F9EBA38-467F-4E49-92FB-4768AC1B2643}.Debug|x86.Build.0 = Debug|Any CPU
		{7F9EBA38-467F-4E49-92FB-4768AC1B2643}.Debug|x86.Deploy.0 = Debug|Any CPU
		{7F9EBA38-467F-4E49-92FB-4768AC1B2643}.Release|Any CPU.ActiveCfg = Release|Any CPU
		{7F9EBA38-467F-4E49-92FB-4768AC1B2643}.Release|Any CPU.Build.0 = Release|Any CPU
		{7F9EBA38-467F-4E49-92FB-4768AC1B2643}.Release|Any CPU.Deploy.0 = Release|Any CPU
		{7F9EBA38-467F-4E49-92FB-4768AC1B2643}.Release|ARM.ActiveCfg = Release|Any CPU
		{7F9EBA38-467F-4E49-92FB-4768AC1B2643}.Release|ARM.Build.0 = Release|Any CPU
		{7F9EBA38-467F-4E49-92FB-4768AC1B2643}.Release|ARM.Deploy.0 = Release|Any CPU
		{7F9EBA38-467F-4E49-92FB-4768AC1B2643}.Release|iPhone.ActiveCfg = Release|Any CPU
		{7F9EBA38-467F-4E49-92FB-4768AC1B2643}.Release|iPhone.Build.0 = Release|Any CPU
		{7F9EBA38-467F-4E49-92FB-4768AC1B2643}.Release|iPhone.Deploy.0 = Release|Any CPU
		{7F9EBA38-467F-4E49-92FB-4768AC1B2643}.Release|iPhoneSimulator.ActiveCfg = Release|Any CPU
		{7F9EBA38-467F-4E49-92FB-4768AC1B2643}.Release|iPhoneSimulator.Build.0 = Release|Any CPU
		{7F9EBA38-467F-4E49-92FB-4768AC1B2643}.Release|iPhoneSimulator.Deploy.0 = Release|Any CPU
		{7F9EBA38-467F-4E49-92FB-4768AC1B2643}.Release|x64.ActiveCfg = Release|Any CPU
		{7F9EBA38-467F-4E49-92FB-4768AC1B2643}.Release|x64.Build.0 = Release|Any CPU
		{7F9EBA38-467F-4E49-92FB-4768AC1B2643}.Release|x64.Deploy.0 = Release|Any CPU
		{7F9EBA38-467F-4E49-92FB-4768AC1B2643}.Release|x86.ActiveCfg = Release|Any CPU
		{7F9EBA38-467F-4E49-92FB-4768AC1B2643}.Release|x86.Build.0 = Release|Any CPU
		{7F9EBA38-467F-4E49-92FB-4768AC1B2643}.Release|x86.Deploy.0 = Release|Any CPU
		{AFCFCDD6-C96A-4000-A4C7-2139A196B3A8}.Ad-Hoc|Any CPU.ActiveCfg = Ad-Hoc|iPhone
		{AFCFCDD6-C96A-4000-A4C7-2139A196B3A8}.Ad-Hoc|ARM.ActiveCfg = Ad-Hoc|iPhone
		{AFCFCDD6-C96A-4000-A4C7-2139A196B3A8}.Ad-Hoc|iPhone.ActiveCfg = Ad-Hoc|iPhone
		{AFCFCDD6-C96A-4000-A4C7-2139A196B3A8}.Ad-Hoc|iPhone.Build.0 = Ad-Hoc|iPhone
		{AFCFCDD6-C96A-4000-A4C7-2139A196B3A8}.Ad-Hoc|iPhoneSimulator.ActiveCfg = Ad-Hoc|iPhoneSimulator
		{AFCFCDD6-C96A-4000-A4C7-2139A196B3A8}.Ad-Hoc|iPhoneSimulator.Build.0 = Ad-Hoc|iPhoneSimulator
		{AFCFCDD6-C96A-4000-A4C7-2139A196B3A8}.Ad-Hoc|x64.ActiveCfg = Ad-Hoc|iPhone
		{AFCFCDD6-C96A-4000-A4C7-2139A196B3A8}.Ad-Hoc|x86.ActiveCfg = Ad-Hoc|iPhone
		{AFCFCDD6-C96A-4000-A4C7-2139A196B3A8}.AppStore|Any CPU.ActiveCfg = AppStore|iPhone
		{AFCFCDD6-C96A-4000-A4C7-2139A196B3A8}.AppStore|ARM.ActiveCfg = AppStore|iPhone
		{AFCFCDD6-C96A-4000-A4C7-2139A196B3A8}.AppStore|iPhone.ActiveCfg = AppStore|iPhone
		{AFCFCDD6-C96A-4000-A4C7-2139A196B3A8}.AppStore|iPhone.Build.0 = AppStore|iPhone
		{AFCFCDD6-C96A-4000-A4C7-2139A196B3A8}.AppStore|iPhoneSimulator.ActiveCfg = AppStore|iPhoneSimulator
		{AFCFCDD6-C96A-4000-A4C7-2139A196B3A8}.AppStore|iPhoneSimulator.Build.0 = AppStore|iPhoneSimulator
		{AFCFCDD6-C96A-4000-A4C7-2139A196B3A8}.AppStore|x64.ActiveCfg = AppStore|iPhone
		{AFCFCDD6-C96A-4000-A4C7-2139A196B3A8}.AppStore|x86.ActiveCfg = AppStore|iPhone
		{AFCFCDD6-C96A-4000-A4C7-2139A196B3A8}.Debug|Any CPU.ActiveCfg = Debug|iPhone
		{AFCFCDD6-C96A-4000-A4C7-2139A196B3A8}.Debug|ARM.ActiveCfg = Debug|iPhone
		{AFCFCDD6-C96A-4000-A4C7-2139A196B3A8}.Debug|iPhone.ActiveCfg = Debug|iPhone
		{AFCFCDD6-C96A-4000-A4C7-2139A196B3A8}.Debug|iPhone.Build.0 = Debug|iPhone
		{AFCFCDD6-C96A-4000-A4C7-2139A196B3A8}.Debug|iPhoneSimulator.ActiveCfg = Debug|iPhoneSimulator
		{AFCFCDD6-C96A-4000-A4C7-2139A196B3A8}.Debug|iPhoneSimulator.Build.0 = Debug|iPhoneSimulator
		{AFCFCDD6-C96A-4000-A4C7-2139A196B3A8}.Debug|x64.ActiveCfg = Debug|iPhone
		{AFCFCDD6-C96A-4000-A4C7-2139A196B3A8}.Debug|x86.ActiveCfg = Debug|iPhone
		{AFCFCDD6-C96A-4000-A4C7-2139A196B3A8}.Release|Any CPU.ActiveCfg = Release|iPhone
		{AFCFCDD6-C96A-4000-A4C7-2139A196B3A8}.Release|ARM.ActiveCfg = Release|iPhone
		{AFCFCDD6-C96A-4000-A4C7-2139A196B3A8}.Release|iPhone.ActiveCfg = Release|iPhone
		{AFCFCDD6-C96A-4000-A4C7-2139A196B3A8}.Release|iPhone.Build.0 = Release|iPhone
		{AFCFCDD6-C96A-4000-A4C7-2139A196B3A8}.Release|iPhoneSimulator.ActiveCfg = Release|iPhoneSimulator
		{AFCFCDD6-C96A-4000-A4C7-2139A196B3A8}.Release|iPhoneSimulator.Build.0 = Release|iPhoneSimulator
		{AFCFCDD6-C96A-4000-A4C7-2139A196B3A8}.Release|x64.ActiveCfg = Release|iPhone
		{AFCFCDD6-C96A-4000-A4C7-2139A196B3A8}.Release|x86.ActiveCfg = Release|iPhone
		{DDE1466A-9C1E-4EAC-8C5D-9ED39AA71ED2}.Ad-Hoc|Any CPU.ActiveCfg = Release|x86
		{DDE1466A-9C1E-4EAC-8C5D-9ED39AA71ED2}.Ad-Hoc|Any CPU.Build.0 = Release|x86
		{DDE1466A-9C1E-4EAC-8C5D-9ED39AA71ED2}.Ad-Hoc|Any CPU.Deploy.0 = Release|x86
		{DDE1466A-9C1E-4EAC-8C5D-9ED39AA71ED2}.Ad-Hoc|ARM.ActiveCfg = Release|ARM
		{DDE1466A-9C1E-4EAC-8C5D-9ED39AA71ED2}.Ad-Hoc|ARM.Build.0 = Release|ARM
		{DDE1466A-9C1E-4EAC-8C5D-9ED39AA71ED2}.Ad-Hoc|ARM.Deploy.0 = Release|ARM
		{DDE1466A-9C1E-4EAC-8C5D-9ED39AA71ED2}.Ad-Hoc|iPhone.ActiveCfg = Release|x86
		{DDE1466A-9C1E-4EAC-8C5D-9ED39AA71ED2}.Ad-Hoc|iPhone.Build.0 = Release|x86
		{DDE1466A-9C1E-4EAC-8C5D-9ED39AA71ED2}.Ad-Hoc|iPhone.Deploy.0 = Release|x86
		{DDE1466A-9C1E-4EAC-8C5D-9ED39AA71ED2}.Ad-Hoc|iPhoneSimulator.ActiveCfg = Release|x86
		{DDE1466A-9C1E-4EAC-8C5D-9ED39AA71ED2}.Ad-Hoc|iPhoneSimulator.Build.0 = Release|x86
		{DDE1466A-9C1E-4EAC-8C5D-9ED39AA71ED2}.Ad-Hoc|iPhoneSimulator.Deploy.0 = Release|x86
		{DDE1466A-9C1E-4EAC-8C5D-9ED39AA71ED2}.Ad-Hoc|x64.ActiveCfg = Release|x64
		{DDE1466A-9C1E-4EAC-8C5D-9ED39AA71ED2}.Ad-Hoc|x64.Build.0 = Release|x64
		{DDE1466A-9C1E-4EAC-8C5D-9ED39AA71ED2}.Ad-Hoc|x64.Deploy.0 = Release|x64
		{DDE1466A-9C1E-4EAC-8C5D-9ED39AA71ED2}.Ad-Hoc|x86.ActiveCfg = Release|x86
		{DDE1466A-9C1E-4EAC-8C5D-9ED39AA71ED2}.Ad-Hoc|x86.Build.0 = Release|x86
		{DDE1466A-9C1E-4EAC-8C5D-9ED39AA71ED2}.Ad-Hoc|x86.Deploy.0 = Release|x86
		{DDE1466A-9C1E-4EAC-8C5D-9ED39AA71ED2}.AppStore|Any CPU.ActiveCfg = Release|x86
		{DDE1466A-9C1E-4EAC-8C5D-9ED39AA71ED2}.AppStore|Any CPU.Build.0 = Release|x86
		{DDE1466A-9C1E-4EAC-8C5D-9ED39AA71ED2}.AppStore|Any CPU.Deploy.0 = Release|x86
		{DDE1466A-9C1E-4EAC-8C5D-9ED39AA71ED2}.AppStore|ARM.ActiveCfg = Release|ARM
		{DDE1466A-9C1E-4EAC-8C5D-9ED39AA71ED2}.AppStore|ARM.Build.0 = Release|ARM
		{DDE1466A-9C1E-4EAC-8C5D-9ED39AA71ED2}.AppStore|ARM.Deploy.0 = Release|ARM
		{DDE1466A-9C1E-4EAC-8C5D-9ED39AA71ED2}.AppStore|iPhone.ActiveCfg = Release|x86
		{DDE1466A-9C1E-4EAC-8C5D-9ED39AA71ED2}.AppStore|iPhone.Build.0 = Release|x86
		{DDE1466A-9C1E-4EAC-8C5D-9ED39AA71ED2}.AppStore|iPhone.Deploy.0 = Release|x86
		{DDE1466A-9C1E-4EAC-8C5D-9ED39AA71ED2}.AppStore|iPhoneSimulator.ActiveCfg = Release|x86
		{DDE1466A-9C1E-4EAC-8C5D-9ED39AA71ED2}.AppStore|iPhoneSimulator.Build.0 = Release|x86
		{DDE1466A-9C1E-4EAC-8C5D-9ED39AA71ED2}.AppStore|iPhoneSimulator.Deploy.0 = Release|x86
		{DDE1466A-9C1E-4EAC-8C5D-9ED39AA71ED2}.AppStore|x64.ActiveCfg = Release|x64
		{DDE1466A-9C1E-4EAC-8C5D-9ED39AA71ED2}.AppStore|x64.Build.0 = Release|x64
		{DDE1466A-9C1E-4EAC-8C5D-9ED39AA71ED2}.AppStore|x64.Deploy.0 = Release|x64
		{DDE1466A-9C1E-4EAC-8C5D-9ED39AA71ED2}.AppStore|x86.ActiveCfg = Release|x86
		{DDE1466A-9C1E-4EAC-8C5D-9ED39AA71ED2}.AppStore|x86.Build.0 = Release|x86
		{DDE1466A-9C1E-4EAC-8C5D-9ED39AA71ED2}.AppStore|x86.Deploy.0 = Release|x86
		{DDE1466A-9C1E-4EAC-8C5D-9ED39AA71ED2}.Debug|Any CPU.ActiveCfg = Debug|x86
		{DDE1466A-9C1E-4EAC-8C5D-9ED39AA71ED2}.Debug|ARM.ActiveCfg = Debug|ARM
		{DDE1466A-9C1E-4EAC-8C5D-9ED39AA71ED2}.Debug|ARM.Build.0 = Debug|ARM
		{DDE1466A-9C1E-4EAC-8C5D-9ED39AA71ED2}.Debug|ARM.Deploy.0 = Debug|ARM
		{DDE1466A-9C1E-4EAC-8C5D-9ED39AA71ED2}.Debug|iPhone.ActiveCfg = Debug|x86
		{DDE1466A-9C1E-4EAC-8C5D-9ED39AA71ED2}.Debug|iPhoneSimulator.ActiveCfg = Debug|x86
		{DDE1466A-9C1E-4EAC-8C5D-9ED39AA71ED2}.Debug|x64.ActiveCfg = Debug|x64
		{DDE1466A-9C1E-4EAC-8C5D-9ED39AA71ED2}.Debug|x64.Build.0 = Debug|x64
		{DDE1466A-9C1E-4EAC-8C5D-9ED39AA71ED2}.Debug|x64.Deploy.0 = Debug|x64
		{DDE1466A-9C1E-4EAC-8C5D-9ED39AA71ED2}.Debug|x86.ActiveCfg = Debug|x86
		{DDE1466A-9C1E-4EAC-8C5D-9ED39AA71ED2}.Debug|x86.Build.0 = Debug|x86
		{DDE1466A-9C1E-4EAC-8C5D-9ED39AA71ED2}.Debug|x86.Deploy.0 = Debug|x86
		{DDE1466A-9C1E-4EAC-8C5D-9ED39AA71ED2}.Release|Any CPU.ActiveCfg = Release|x86
		{DDE1466A-9C1E-4EAC-8C5D-9ED39AA71ED2}.Release|ARM.ActiveCfg = Release|ARM
		{DDE1466A-9C1E-4EAC-8C5D-9ED39AA71ED2}.Release|ARM.Build.0 = Release|ARM
		{DDE1466A-9C1E-4EAC-8C5D-9ED39AA71ED2}.Release|ARM.Deploy.0 = Release|ARM
		{DDE1466A-9C1E-4EAC-8C5D-9ED39AA71ED2}.Release|iPhone.ActiveCfg = Release|x86
		{DDE1466A-9C1E-4EAC-8C5D-9ED39AA71ED2}.Release|iPhoneSimulator.ActiveCfg = Release|x86
		{DDE1466A-9C1E-4EAC-8C5D-9ED39AA71ED2}.Release|x64.ActiveCfg = Release|x64
		{DDE1466A-9C1E-4EAC-8C5D-9ED39AA71ED2}.Release|x64.Build.0 = Release|x64
		{DDE1466A-9C1E-4EAC-8C5D-9ED39AA71ED2}.Release|x64.Deploy.0 = Release|x64
		{DDE1466A-9C1E-4EAC-8C5D-9ED39AA71ED2}.Release|x86.ActiveCfg = Release|x86
		{DDE1466A-9C1E-4EAC-8C5D-9ED39AA71ED2}.Release|x86.Build.0 = Release|x86
		{DDE1466A-9C1E-4EAC-8C5D-9ED39AA71ED2}.Release|x86.Deploy.0 = Release|x86
	EndGlobalSection
	GlobalSection(SolutionProperties) = preSolution
		HideSolutionNode = FALSE
	EndGlobalSection
EndGlobal
